
Microsoft Visual Studio Solution File, Format Version 12.00
# Visual Studio Version 16
VisualStudioVersion = 16.0.32630.194
MinimumVisualStudioVersion = 10.0.40219.1
Project("{FAE04EC0-301F-11D3-BF4B-00C04F79EFBC}") = "nasledovanie", "nasledovanie\nasledovanie.csproj", "{68A24230-EDDE-46C3-AF3E-550623652622}"
EndProject
Global
	GlobalSection(SolutionConfigurationPlatforms) = preSolution
		Debug|Any CPU = Debug|Any CPU
		Release|Any CPU = Release|Any CPU
	EndGlobalSection
	GlobalSection(ProjectConfigurationPlatforms) = postSolution
		{68A24230-EDDE-46C3-AF3E-550623652622}.Debug|Any CPU.ActiveCfg = Debug|Any CPU
		{68A24230-EDDE-46C3-AF3E-550623652622}.Debug|Any CPU.Build.0 = Debug|Any CPU
		{68A24230-EDDE-46C3-AF3E-550623652622}.Release|Any CPU.ActiveCfg = Release|Any CPU
		{68A24230-EDDE-46C3-AF3E-550623652622}.Release|Any CPU.Build.0 = Release|Any CPU
	EndGlobalSection
	GlobalSection(SolutionProperties) = preSolution
		HideSolutionNode = FALSE
	EndGlobalSection
	GlobalSection(ExtensibilityGlobals) = postSolution
		SolutionGuid = {115499D6-CDC5-46CA-933A-1A88D60DC824}
	EndGlobalSection
EndGlobal
